github.com/google/go-cmp v0.5.8 h1:e6P7q2lk1O+qJJb4BtCQXlK8vWEO8V1ZeuEdJNOqZyg=
github.com/google/go-cmp v0.5.8/go.mod h1:17dUlkBOakJ0+DkrSSNjCkIjxS6bF9zb3elmeNGIjoY=
github.com/meinside/version-go v0.0.3 h1:GXSwi6sTmgpnSR09jAAqDGWeX2Nq52fe5xpitgAhQfM=
github.com/meinside/version-go v0.0.3/go.mod h1:mFvlwbro1E126u4rU727CcHNa8OPFyhq+KDYYNysFj4=
github.com/tailscale/hujson v0.0.0-20241010212012-29efb4a0184b h1:MNaGusDfB1qxEsl6iVb33Gbe777IKzPP5PDta0xGC8M=
github.com/tailscale/hujson v0.0.0-20241010212012-29efb4a0184b/go.mod h1:EbW0wDK/qEUYI0A5bqq0C2kF8JTQwWONmGDBbzsxxHo=
